
Microsoft Visual Studio Solution File, Format Version 12.00
# Visual Studio Version 16
VisualStudioVersion = 16.0.28729.10
MinimumVisualStudioVersion = 10.0.40219.1
Project("{9A19103F-16F7-4668-BE54-9A1E7A4F7556}") = "Reborn-Zune-MusicLibraryEFCoreMigration", "MusicLibraryEFCoreMigration\Reborn-Zune-MusicLibraryEFCoreMigration.csproj", "{67EFD33F-4B16-4024-A7DD-80E3BA29DB57}"
EndProject
Project("{9A19103F-16F7-4668-BE54-9A1E7A4F7556}") = "Reborn-Zune-MusicLibraryEFCoreModel", "MusicLibraryEFCoreModel\Reborn-Zune-MusicLibraryEFCoreModel.csproj", "{C6F94F50-9718-4539-8422-0A0EF78F51E3}"
EndProject
Project("{FAE04EC0-301F-11D3-BF4B-00C04F79EFBC}") = "Reborn-Zune-MusicLibraryService", "MusicLibrary\Reborn-Zune-MusicLibraryService.csproj", "{8A9866A9-8E48-4160-B147-BFD40FE46EE0}"
EndProject
Project("{FAE04EC0-301F-11D3-BF4B-00C04F79EFBC}") = "Reborn-Zune", "Reborn-Zune\Reborn-Zune.csproj", "{434F2FF0-C15D-4D1E-AE59-0C6E2A1B3886}"
EndProject
Project("{FAE04EC0-301F-11D3-BF4B-00C04F79EFBC}") = "Reborn-Zune-MusicLibraryServiceTest", "MusicLibraryServiceTest\Reborn-Zune-MusicLibraryServiceTest.csproj", "{049552E2-CE44-4EC9-B8CE-8104B0D51AF1}"
EndProject
Project("{FAE04EC0-301F-11D3-BF4B-00C04F79EFBC}") = "Reborn-Zune-Common", "Reborn-Zune-Common\Reborn-Zune-Common.csproj", "{2256C043-07D6-48B1-A408-DB3309A59318}"
EndProject
Global
	GlobalSection(SolutionConfigurationPlatforms) = preSolution
		Debug|Any CPU = Debug|Any CPU
		Debug|ARM = Debug|ARM
		Debug|ARM64 = Debug|ARM64
		Debug|x64 = Debug|x64
		Debug|x86 = Debug|x86
		Release|Any CPU = Release|Any CPU
		Release|ARM = Release|ARM
		Release|ARM64 = Release|ARM64
		Release|x64 = Release|x64
		Release|x86 = Release|x86
	EndGlobalSection
	GlobalSection(ProjectConfigurationPlatforms) = postSolution
		{67EFD33F-4B16-4024-A7DD-80E3BA29DB57}.Debug|Any CPU.ActiveCfg = Debug|Any CPU
		{67EFD33F-4B16-4024-A7DD-80E3BA29DB57}.Debug|Any CPU.Build.0 = Debug|Any CPU
		{67EFD33F-4B16-4024-A7DD-80E3BA29DB57}.Debug|ARM.ActiveCfg = Debug|Any CPU
		{67EFD33F-4B16-4024-A7DD-80E3BA29DB57}.Debug|ARM.Build.0 = Debug|Any CPU
		{67EFD33F-4B16-4024-A7DD-80E3BA29DB57}.Debug|ARM64.ActiveCfg = Debug|Any CPU
		{67EFD33F-4B16-4024-A7DD-80E3BA29DB57}.Debug|ARM64.Build.0 = Debug|Any CPU
		{67EFD33F-4B16-4024-A7DD-80E3BA29DB57}.Debug|x64.ActiveCfg = Debug|Any CPU
		{67EFD33F-4B16-4024-A7DD-80E3BA29DB57}.Debug|x64.Build.0 = Debug|Any CPU
		{67EFD33F-4B16-4024-A7DD-80E3BA29DB57}.Debug|x86.ActiveCfg = Debug|Any CPU
		{67EFD33F-4B16-4024-A7DD-80E3BA29DB57}.Debug|x86.Build.0 = Debug|Any CPU
		{67EFD33F-4B16-4024-A7DD-80E3BA29DB57}.Release|Any CPU.ActiveCfg = Release|Any CPU
		{67EFD33F-4B16-4024-A7DD-80E3BA29DB57}.Release|Any CPU.Build.0 = Release|Any CPU
		{67EFD33F-4B16-4024-A7DD-80E3BA29DB57}.Release|ARM.ActiveCfg = Release|Any CPU
		{67EFD33F-4B16-4024-A7DD-80E3BA29DB57}.Release|ARM.Build.0 = Release|Any CPU
		{67EFD33F-4B16-4024-A7DD-80E3BA29DB57}.Release|ARM64.ActiveCfg = Release|Any CPU
		{67EFD33F-4B16-4024-A7DD-80E3BA29DB57}.Release|ARM64.Build.0 = Release|Any CPU
		{67EFD33F-4B16-4024-A7DD-80E3BA29DB57}.Release|x64.ActiveCfg = Release|Any CPU
		{67EFD33F-4B16-4024-A7DD-80E3BA29DB57}.Release|x64.Build.0 = Release|Any CPU
		{67EFD33F-4B16-4024-A7DD-80E3BA29DB57}.Release|x86.ActiveCfg = Release|Any CPU
		{67EFD33F-4B16-4024-A7DD-80E3BA29DB57}.Release|x86.Build.0 = Release|Any CPU
		{C6F94F50-9718-4539-8422-0A0EF78F51E3}.Debug|Any CPU.ActiveCfg = Debug|Any CPU
		{C6F94F50-9718-4539-8422-0A0EF78F51E3}.Debug|Any CPU.Build.0 = Debug|Any CPU
		{C6F94F50-9718-4539-8422-0A0EF78F51E3}.Debug|ARM.ActiveCfg = Debug|Any CPU
		{C6F94F50-9718-4539-8422-0A0EF78F51E3}.Debug|ARM.Build.0 = Debug|Any CPU
		{C6F94F50-9718-4539-8422-0A0EF78F51E3}.Debug|ARM64.ActiveCfg = Debug|Any CPU
		{C6F94F50-9718-4539-8422-0A0EF78F51E3}.Debug|ARM64.Build.0 = Debug|Any CPU
		{C6F94F50-9718-4539-8422-0A0EF78F51E3}.Debug|x64.ActiveCfg = Debug|Any CPU
		{C6F94F50-9718-4539-8422-0A0EF78F51E3}.Debug|x64.Build.0 = Debug|Any CPU
		{C6F94F50-9718-4539-8422-0A0EF78F51E3}.Debug|x86.ActiveCfg = Debug|Any CPU
		{C6F94F50-9718-4539-8422-0A0EF78F51E3}.Debug|x86.Build.0 = Debug|Any CPU
		{C6F94F50-9718-4539-8422-0A0EF78F51E3}.Release|Any CPU.ActiveCfg = Release|Any CPU
		{C6F94F50-9718-4539-8422-0A0EF78F51E3}.Release|Any CPU.Build.0 = Release|Any CPU
		{C6F94F50-9718-4539-8422-0A0EF78F51E3}.Release|ARM.ActiveCfg = Release|Any CPU
		{C6F94F50-9718-4539-8422-0A0EF78F51E3}.Release|ARM.Build.0 = Release|Any CPU
		{C6F94F50-9718-4539-8422-0A0EF78F51E3}.Release|ARM64.ActiveCfg = Release|Any CPU
		{C6F94F50-9718-4539-8422-0A0EF78F51E3}.Release|ARM64.Build.0 = Release|Any CPU
		{C6F94F50-9718-4539-8422-0A0EF78F51E3}.Release|x64.ActiveCfg = Release|Any CPU
		{C6F94F50-9718-4539-8422-0A0EF78F51E3}.Release|x64.Build.0 = Release|Any CPU
		{C6F94F50-9718-4539-8422-0A0EF78F51E3}.Release|x86.ActiveCfg = Release|Any CPU
		{C6F94F50-9718-4539-8422-0A0EF78F51E3}.Release|x86.Build.0 = Release|Any CPU
		{8A9866A9-8E48-4160-B147-BFD40FE46EE0}.Debug|Any CPU.ActiveCfg = Debug|Any CPU
		{8A9866A9-8E48-4160-B147-BFD40FE46EE0}.Debug|Any CPU.Build.0 = Debug|Any CPU
		{8A9866A9-8E48-4160-B147-BFD40FE46EE0}.Debug|ARM.ActiveCfg = Debug|ARM
		{8A9866A9-8E48-4160-B147-BFD40FE46EE0}.Debug|ARM.Build.0 = Debug|ARM
		{8A9866A9-8E48-4160-B147-BFD40FE46EE0}.Debug|ARM64.ActiveCfg = Debug|ARM64
		{8A9866A9-8E48-4160-B147-BFD40FE46EE0}.Debug|ARM64.Build.0 = Debug|ARM64
		{8A9866A9-8E48-4160-B147-BFD40FE46EE0}.Debug|x64.ActiveCfg = Debug|x64
		{8A9866A9-8E48-4160-B147-BFD40FE46EE0}.Debug|x64.Build.0 = Debug|x64
		{8A9866A9-8E48-4160-B147-BFD40FE46EE0}.Debug|x86.ActiveCfg = Debug|x86
		{8A9866A9-8E48-4160-B147-BFD40FE46EE0}.Debug|x86.Build.0 = Debug|x86
		{8A9866A9-8E48-4160-B147-BFD40FE46EE0}.Release|Any CPU.ActiveCfg = Release|Any CPU
		{8A9866A9-8E48-4160-B147-BFD40FE46EE0}.Release|Any CPU.Build.0 = Release|Any CPU
		{8A9866A9-8E48-4160-B147-BFD40FE46EE0}.Release|ARM.ActiveCfg = Release|ARM
		{8A9866A9-8E48-4160-B147-BFD40FE46EE0}.Release|ARM.Build.0 = Release|ARM
		{8A9866A9-8E48-4160-B147-BFD40FE46EE0}.Release|ARM64.ActiveCfg = Release|ARM64
		{8A9866A9-8E48-4160-B147-BFD40FE46EE0}.Release|ARM64.Build.0 = Release|ARM64
		{8A9866A9-8E48-4160-B147-BFD40FE46EE0}.Release|x64.ActiveCfg = Release|x64
		{8A9866A9-8E48-4160-B147-BFD40FE46EE0}.Release|x64.Build.0 = Release|x64
		{8A9866A9-8E48-4160-B147-BFD40FE46EE0}.Release|x86.ActiveCfg = Release|x86
		{8A9866A9-8E48-4160-B147-BFD40FE46EE0}.Release|x86.Build.0 = Release|x86
		{434F2FF0-C15D-4D1E-AE59-0C6E2A1B3886}.Debug|Any CPU.ActiveCfg = Debug|x86
		{434F2FF0-C15D-4D1E-AE59-0C6E2A1B3886}.Debug|ARM.ActiveCfg = Debug|ARM
		{434F2FF0-C15D-4D1E-AE59-0C6E2A1B3886}.Debug|ARM.Build.0 = Debug|ARM
		{434F2FF0-C15D-4D1E-AE59-0C6E2A1B3886}.Debug|ARM.Deploy.0 = Debug|ARM
		{434F2FF0-C15D-4D1E-AE59-0C6E2A1B3886}.Debug|ARM64.ActiveCfg = Debug|x86
		{434F2FF0-C15D-4D1E-AE59-0C6E2A1B3886}.Debug|x64.ActiveCfg = Debug|x64
		{434F2FF0-C15D-4D1E-AE59-0C6E2A1B3886}.Debug|x64.Build.0 = Debug|x64
		{434F2FF0-C15D-4D1E-AE59-0C6E2A1B3886}.Debug|x64.Deploy.0 = Debug|x64
		{434F2FF0-C15D-4D1E-AE59-0C6E2A1B3886}.Debug|x86.ActiveCfg = Debug|x86
		{434F2FF0-C15D-4D1E-AE59-0C6E2A1B3886}.Debug|x86.Build.0 = Debug|x86
		{434F2FF0-C15D-4D1E-AE59-0C6E2A1B3886}.Debug|x86.Deploy.0 = Debug|x86
		{434F2FF0-C15D-4D1E-AE59-0C6E2A1B3886}.Release|Any CPU.ActiveCfg = Release|x86
		{434F2FF0-C15D-4D1E-AE59-0C6E2A1B3886}.Release|ARM.ActiveCfg = Release|ARM
		{434F2FF0-C15D-4D1E-AE59-0C6E2A1B3886}.Release|ARM.Build.0 = Release|ARM
		{434F2FF0-C15D-4D1E-AE59-0C6E2A1B3886}.Release|ARM.Deploy.0 = Release|ARM
		{434F2FF0-C15D-4D1E-AE59-0C6E2A1B3886}.Release|ARM64.ActiveCfg = Release|x86
		{434F2FF0-C15D-4D1E-AE59-0C6E2A1B3886}.Release|x64.ActiveCfg = Release|x64
		{434F2FF0-C15D-4D1E-AE59-0C6E2A1B3886}.Release|x64.Build.0 = Release|x64
		{434F2FF0-C15D-4D1E-AE59-0C6E2A1B3886}.Release|x64.Deploy.0 = Release|x64
		{434F2FF0-C15D-4D1E-AE59-0C6E2A1B3886}.Release|x86.ActiveCfg = Release|x86
		{434F2FF0-C15D-4D1E-AE59-0C6E2A1B3886}.Release|x86.Build.0 = Release|x86
		{434F2FF0-C15D-4D1E-AE59-0C6E2A1B3886}.Release|x86.Deploy.0 = Release|x86
		{049552E2-CE44-4EC9-B8CE-8104B0D51AF1}.Debug|Any CPU.ActiveCfg = Debug|x86
		{049552E2-CE44-4EC9-B8CE-8104B0D51AF1}.Debug|ARM.ActiveCfg = Debug|ARM
		{049552E2-CE44-4EC9-B8CE-8104B0D51AF1}.Debug|ARM.Build.0 = Debug|ARM
		{049552E2-CE44-4EC9-B8CE-8104B0D51AF1}.Debug|ARM.Deploy.0 = Debug|ARM
		{049552E2-CE44-4EC9-B8CE-8104B0D51AF1}.Debug|ARM64.ActiveCfg = Debug|ARM64
		{049552E2-CE44-4EC9-B8CE-8104B0D51AF1}.Debug|ARM64.Build.0 = Debug|ARM64
		{049552E2-CE44-4EC9-B8CE-8104B0D51AF1}.Debug|ARM64.Deploy.0 = Debug|ARM64
		{049552E2-CE44-4EC9-B8CE-8104B0D51AF1}.Debug|x64.ActiveCfg = Debug|x64
		{049552E2-CE44-4EC9-B8CE-8104B0D51AF1}.Debug|x64.Build.0 = Debug|x64
		{049552E2-CE44-4EC9-B8CE-8104B0D51AF1}.Debug|x64.Deploy.0 = Debug|x64
		{049552E2-CE44-4EC9-B8CE-8104B0D51AF1}.Debug|x86.ActiveCfg = Debug|x86
		{049552E2-CE44-4EC9-B8CE-8104B0D51AF1}.Debug|x86.Build.0 = Debug|x86
		{049552E2-CE44-4EC9-B8CE-8104B0D51AF1}.Debug|x86.Deploy.0 = Debug|x86
		{049552E2-CE44-4EC9-B8CE-8104B0D51AF1}.Release|Any CPU.ActiveCfg = Release|x86
		{049552E2-CE44-4EC9-B8CE-8104B0D51AF1}.Release|ARM.ActiveCfg = Release|ARM
		{049552E2-CE44-4EC9-B8CE-8104B0D51AF1}.Release|ARM.Build.0 = Release|ARM
		{049552E2-CE44-4EC9-B8CE-8104B0D51AF1}.Release|ARM.Deploy.0 = Release|ARM
		{049552E2-CE44-4EC9-B8CE-8104B0D51AF1}.Release|ARM64.ActiveCfg = Release|ARM64
		{049552E2-CE44-4EC9-B8CE-8104B0D51AF1}.Release|ARM64.Build.0 = Release|ARM64
		{049552E2-CE44-4EC9-B8CE-8104B0D51AF1}.Release|ARM64.Deploy.0 = Release|ARM64
		{049552E2-CE44-4EC9-B8CE-8104B0D51AF1}.Release|x64.ActiveCfg = Release|x64
		{049552E2-CE44-4EC9-B8CE-8104B0D51AF1}.Release|x64.Build.0 = Release|x64
		{049552E2-CE44-4EC9-B8CE-8104B0D51AF1}.Release|x64.Deploy.0 = Release|x64
		{049552E2-CE44-4EC9-B8CE-8104B0D51AF1}.Release|x86.ActiveCfg = Release|x86
		{049552E2-CE44-4EC9-B8CE-8104B0D51AF1}.Release|x86.Build.0 = Release|x86
		{049552E2-CE44-4EC9-B8CE-8104B0D51AF1}.Release|x86.Deploy.0 = Release|x86
		{2256C043-07D6-48B1-A408-DB3309A59318}.Debug|Any CPU.ActiveCfg = Debug|Any CPU
		{2256C043-07D6-48B1-A408-DB3309A59318}.Debug|Any CPU.Build.0 = Debug|Any CPU
		{2256C043-07D6-48B1-A408-DB3309A59318}.Debug|ARM.ActiveCfg = Debug|ARM
		{2256C043-07D6-48B1-A408-DB3309A59318}.Debug|ARM.Build.0 = Debug|ARM
		{2256C043-07D6-48B1-A408-DB3309A59318}.Debug|ARM64.ActiveCfg = Debug|ARM64
		{2256C043-07D6-48B1-A408-DB3309A59318}.Debug|ARM64.Build.0 = Debug|ARM64
		{2256C043-07D6-48B1-A408-DB3309A59318}.Debug|x64.ActiveCfg = Debug|x64
		{2256C043-07D6-48B1-A408-DB3309A59318}.Debug|x64.Build.0 = Debug|x64
		{2256C043-07D6-48B1-A408-DB3309A59318}.Debug|x86.ActiveCfg = Debug|x86
		{2256C043-07D6-48B1-A408-DB3309A59318}.Debug|x86.Build.0 = Debug|x86
		{2256C043-07D6-48B1-A408-DB3309A59318}.Release|Any CPU.ActiveCfg = Release|Any CPU
		{2256C043-07D6-48B1-A408-DB3309A59318}.Release|Any CPU.Build.0 = Release|Any CPU
		{2256C043-07D6-48B1-A408-DB3309A59318}.Release|ARM.ActiveCfg = Release|ARM
		{2256C043-07D6-48B1-A408-DB3309A59318}.Release|ARM.Build.0 = Release|ARM
		{2256C043-07D6-48B1-A408-DB3309A59318}.Release|ARM64.ActiveCfg = Release|ARM64
		{2256C043-07D6-48B1-A408-DB3309A59318}.Release|ARM64.Build.0 = Release|ARM64
		{2256C043-07D6-48B1-A408-DB3309A59318}.Release|x64.ActiveCfg = Release|x64
		{2256C043-07D6-48B1-A408-DB3309A59318}.Release|x64.Build.0 = Release|x64
		{2256C043-07D6-48B1-A408-DB3309A59318}.Release|x86.ActiveCfg = Release|x86
		{2256C043-07D6-48B1-A408-DB3309A59318}.Release|x86.Build.0 = Release|x86
	EndGlobalSection
	GlobalSection(SolutionProperties) = preSolution
		HideSolutionNode = FALSE
	EndGlobalSection
	GlobalSection(ExtensibilityGlobals) = postSolution
		SolutionGuid = {57D2FA38-56C3-4095-A19B-8418F62AFEB1}
	EndGlobalSection
EndGlobal
