
Microsoft Visual Studio Solution File, Format Version 12.00
# Visual Studio Version 16
VisualStudioVersion = 16.0.28729.10
MinimumVisualStudioVersion = 10.0.40219.1
Project("{FAE04EC0-301F-11D3-BF4B-00C04F79EFBC}") = "Reborn-Zune", "Reborn-Zune\Reborn-Zune.csproj", "{434F2FF0-C15D-4D1E-AE59-0C6E2A1B3886}"
EndProject
Project("{FAE04EC0-301F-11D3-BF4B-00C04F79EFBC}") = "Reborn-Zune-Common", "Reborn-Zune-Common\Reborn-Zune-Common.csproj", "{2256C043-07D6-48B1-A408-DB3309A59318}"
EndProject
Project("{9A19103F-16F7-4668-BE54-9A1E7A4F7556}") = "Reborn-Zune-MusicLibraryEFCoreMigration", "Reborn-Zune-MusicLibraryEFCoreMigration\Reborn-Zune-MusicLibraryEFCoreMigration.csproj", "{242CAA4B-DBDB-4D54-B809-065B33451B4D}"
EndProject
Project("{9A19103F-16F7-4668-BE54-9A1E7A4F7556}") = "Reborn-Zune-MusicLibraryEFCoreModel", "Reborn-Zune-MusicLibraryEFCoreModel\Reborn-Zune-MusicLibraryEFCoreModel.csproj", "{8F3180AD-2351-435A-BCF3-9C62CEE2E8B5}"
EndProject
Project("{FAE04EC0-301F-11D3-BF4B-00C04F79EFBC}") = "Reborn-Zune-MusicLibraryService", "Reborn-Zune-MusicLibraryService\Reborn-Zune-MusicLibraryService.csproj", "{8A9866A9-8E48-4160-B147-BFD40FE46EE0}"
EndProject
Project("{FAE04EC0-301F-11D3-BF4B-00C04F79EFBC}") = "Reborn-Zune-MusicLibraryServiceTest", "Reborn-Zune-MusicLibraryServiceTest\Reborn-Zune-MusicLibraryServiceTest.csproj", "{FCA7C82C-CF0D-46DF-87F1-B6C00AC38007}"
EndProject
Global
	GlobalSection(SolutionConfigurationPlatforms) = preSolution
		Debug|Any CPU = Debug|Any CPU
		Debug|ARM = Debug|ARM
		Debug|ARM64 = Debug|ARM64
		Debug|x64 = Debug|x64
		Debug|x86 = Debug|x86
		Release|Any CPU = Release|Any CPU
		Release|ARM = Release|ARM
		Release|ARM64 = Release|ARM64
		Release|x64 = Release|x64
		Release|x86 = Release|x86
	EndGlobalSection
	GlobalSection(ProjectConfigurationPlatforms) = postSolution
		{434F2FF0-C15D-4D1E-AE59-0C6E2A1B3886}.Debug|Any CPU.ActiveCfg = Debug|x86
		{434F2FF0-C15D-4D1E-AE59-0C6E2A1B3886}.Debug|ARM.ActiveCfg = Debug|ARM
		{434F2FF0-C15D-4D1E-AE59-0C6E2A1B3886}.Debug|ARM.Build.0 = Debug|ARM
		{434F2FF0-C15D-4D1E-AE59-0C6E2A1B3886}.Debug|ARM.Deploy.0 = Debug|ARM
		{434F2FF0-C15D-4D1E-AE59-0C6E2A1B3886}.Debug|ARM64.ActiveCfg = Debug|x86
		{434F2FF0-C15D-4D1E-AE59-0C6E2A1B3886}.Debug|x64.ActiveCfg = Debug|x64
		{434F2FF0-C15D-4D1E-AE59-0C6E2A1B3886}.Debug|x64.Build.0 = Debug|x64
		{434F2FF0-C15D-4D1E-AE59-0C6E2A1B3886}.Debug|x64.Deploy.0 = Debug|x64
		{434F2FF0-C15D-4D1E-AE59-0C6E2A1B3886}.Debug|x86.ActiveCfg = Debug|x86
		{434F2FF0-C15D-4D1E-AE59-0C6E2A1B3886}.Debug|x86.Build.0 = Debug|x86
		{434F2FF0-C15D-4D1E-AE59-0C6E2A1B3886}.Debug|x86.Deploy.0 = Debug|x86
		{434F2FF0-C15D-4D1E-AE59-0C6E2A1B3886}.Release|Any CPU.ActiveCfg = Release|x86
		{434F2FF0-C15D-4D1E-AE59-0C6E2A1B3886}.Release|ARM.ActiveCfg = Release|ARM
		{434F2FF0-C15D-4D1E-AE59-0C6E2A1B3886}.Release|ARM.Build.0 = Release|ARM
		{434F2FF0-C15D-4D1E-AE59-0C6E2A1B3886}.Release|ARM.Deploy.0 = Release|ARM
		{434F2FF0-C15D-4D1E-AE59-0C6E2A1B3886}.Release|ARM64.ActiveCfg = Release|x86
		{434F2FF0-C15D-4D1E-AE59-0C6E2A1B3886}.Release|x64.ActiveCfg = Release|x64
		{434F2FF0-C15D-4D1E-AE59-0C6E2A1B3886}.Release|x64.Build.0 = Release|x64
		{434F2FF0-C15D-4D1E-AE59-0C6E2A1B3886}.Release|x64.Deploy.0 = Release|x64
		{434F2FF0-C15D-4D1E-AE59-0C6E2A1B3886}.Release|x86.ActiveCfg = Release|x86
		{434F2FF0-C15D-4D1E-AE59-0C6E2A1B3886}.Release|x86.Build.0 = Release|x86
		{434F2FF0-C15D-4D1E-AE59-0C6E2A1B3886}.Release|x86.Deploy.0 = Release|x86
		{2256C043-07D6-48B1-A408-DB3309A59318}.Debug|Any CPU.ActiveCfg = Debug|Any CPU
		{2256C043-07D6-48B1-A408-DB3309A59318}.Debug|Any CPU.Build.0 = Debug|Any CPU
		{2256C043-07D6-48B1-A408-DB3309A59318}.Debug|ARM.ActiveCfg = Debug|ARM
		{2256C043-07D6-48B1-A408-DB3309A59318}.Debug|ARM.Build.0 = Debug|ARM
		{2256C043-07D6-48B1-A408-DB3309A59318}.Debug|ARM64.ActiveCfg = Debug|ARM64
		{2256C043-07D6-48B1-A408-DB3309A59318}.Debug|ARM64.Build.0 = Debug|ARM64
		{2256C043-07D6-48B1-A408-DB3309A59318}.Debug|x64.ActiveCfg = Debug|x64
		{2256C043-07D6-48B1-A408-DB3309A59318}.Debug|x64.Build.0 = Debug|x64
		{2256C043-07D6-48B1-A408-DB3309A59318}.Debug|x86.ActiveCfg = Debug|x86
		{2256C043-07D6-48B1-A408-DB3309A59318}.Debug|x86.Build.0 = Debug|x86
		{2256C043-07D6-48B1-A408-DB3309A59318}.Release|Any CPU.ActiveCfg = Release|Any CPU
		{2256C043-07D6-48B1-A408-DB3309A59318}.Release|Any CPU.Build.0 = Release|Any CPU
		{2256C043-07D6-48B1-A408-DB3309A59318}.Release|ARM.ActiveCfg = Release|ARM
		{2256C043-07D6-48B1-A408-DB3309A59318}.Release|ARM.Build.0 = Release|ARM
		{2256C043-07D6-48B1-A408-DB3309A59318}.Release|ARM64.ActiveCfg = Release|ARM64
		{2256C043-07D6-48B1-A408-DB3309A59318}.Release|ARM64.Build.0 = Release|ARM64
		{2256C043-07D6-48B1-A408-DB3309A59318}.Release|x64.ActiveCfg = Release|x64
		{2256C043-07D6-48B1-A408-DB3309A59318}.Release|x64.Build.0 = Release|x64
		{2256C043-07D6-48B1-A408-DB3309A59318}.Release|x86.ActiveCfg = Release|x86
		{2256C043-07D6-48B1-A408-DB3309A59318}.Release|x86.Build.0 = Release|x86
		{242CAA4B-DBDB-4D54-B809-065B33451B4D}.Debug|Any CPU.ActiveCfg = Debug|Any CPU
		{242CAA4B-DBDB-4D54-B809-065B33451B4D}.Debug|Any CPU.Build.0 = Debug|Any CPU
		{242CAA4B-DBDB-4D54-B809-065B33451B4D}.Debug|ARM.ActiveCfg = Debug|Any CPU
		{242CAA4B-DBDB-4D54-B809-065B33451B4D}.Debug|ARM.Build.0 = Debug|Any CPU
		{242CAA4B-DBDB-4D54-B809-065B33451B4D}.Debug|ARM64.ActiveCfg = Debug|Any CPU
		{242CAA4B-DBDB-4D54-B809-065B33451B4D}.Debug|ARM64.Build.0 = Debug|Any CPU
		{242CAA4B-DBDB-4D54-B809-065B33451B4D}.Debug|x64.ActiveCfg = Debug|Any CPU
		{242CAA4B-DBDB-4D54-B809-065B33451B4D}.Debug|x64.Build.0 = Debug|Any CPU
		{242CAA4B-DBDB-4D54-B809-065B33451B4D}.Debug|x86.ActiveCfg = Debug|Any CPU
		{242CAA4B-DBDB-4D54-B809-065B33451B4D}.Debug|x86.Build.0 = Debug|Any CPU
		{242CAA4B-DBDB-4D54-B809-065B33451B4D}.Release|Any CPU.ActiveCfg = Release|Any CPU
		{242CAA4B-DBDB-4D54-B809-065B33451B4D}.Release|Any CPU.Build.0 = Release|Any CPU
		{242CAA4B-DBDB-4D54-B809-065B33451B4D}.Release|ARM.ActiveCfg = Release|Any CPU
		{242CAA4B-DBDB-4D54-B809-065B33451B4D}.Release|ARM.Build.0 = Release|Any CPU
		{242CAA4B-DBDB-4D54-B809-065B33451B4D}.Release|ARM64.ActiveCfg = Release|Any CPU
		{242CAA4B-DBDB-4D54-B809-065B33451B4D}.Release|ARM64.Build.0 = Release|Any CPU
		{242CAA4B-DBDB-4D54-B809-065B33451B4D}.Release|x64.ActiveCfg = Release|Any CPU
		{242CAA4B-DBDB-4D54-B809-065B33451B4D}.Release|x64.Build.0 = Release|Any CPU
		{242CAA4B-DBDB-4D54-B809-065B33451B4D}.Release|x86.ActiveCfg = Release|Any CPU
		{242CAA4B-DBDB-4D54-B809-065B33451B4D}.Release|x86.Build.0 = Release|Any CPU
		{8F3180AD-2351-435A-BCF3-9C62CEE2E8B5}.Debug|Any CPU.ActiveCfg = Debug|Any CPU
		{8F3180AD-2351-435A-BCF3-9C62CEE2E8B5}.Debug|Any CPU.Build.0 = Debug|Any CPU
		{8F3180AD-2351-435A-BCF3-9C62CEE2E8B5}.Debug|ARM.ActiveCfg = Debug|Any CPU
		{8F3180AD-2351-435A-BCF3-9C62CEE2E8B5}.Debug|ARM.Build.0 = Debug|Any CPU
		{8F3180AD-2351-435A-BCF3-9C62CEE2E8B5}.Debug|ARM64.ActiveCfg = Debug|Any CPU
		{8F3180AD-2351-435A-BCF3-9C62CEE2E8B5}.Debug|ARM64.Build.0 = Debug|Any CPU
		{8F3180AD-2351-435A-BCF3-9C62CEE2E8B5}.Debug|x64.ActiveCfg = Debug|Any CPU
		{8F3180AD-2351-435A-BCF3-9C62CEE2E8B5}.Debug|x64.Build.0 = Debug|Any CPU
		{8F3180AD-2351-435A-BCF3-9C62CEE2E8B5}.Debug|x86.ActiveCfg = Debug|Any CPU
		{8F3180AD-2351-435A-BCF3-9C62CEE2E8B5}.Debug|x86.Build.0 = Debug|Any CPU
		{8F3180AD-2351-435A-BCF3-9C62CEE2E8B5}.Release|Any CPU.ActiveCfg = Release|Any CPU
		{8F3180AD-2351-435A-BCF3-9C62CEE2E8B5}.Release|Any CPU.Build.0 = Release|Any CPU
		{8F3180AD-2351-435A-BCF3-9C62CEE2E8B5}.Release|ARM.ActiveCfg = Release|Any CPU
		{8F3180AD-2351-435A-BCF3-9C62CEE2E8B5}.Release|ARM.Build.0 = Release|Any CPU
		{8F3180AD-2351-435A-BCF3-9C62CEE2E8B5}.Release|ARM64.ActiveCfg = Release|Any CPU
		{8F3180AD-2351-435A-BCF3-9C62CEE2E8B5}.Release|ARM64.Build.0 = Release|Any CPU
		{8F3180AD-2351-435A-BCF3-9C62CEE2E8B5}.Release|x64.ActiveCfg = Release|Any CPU
		{8F3180AD-2351-435A-BCF3-9C62CEE2E8B5}.Release|x64.Build.0 = Release|Any CPU
		{8F3180AD-2351-435A-BCF3-9C62CEE2E8B5}.Release|x86.ActiveCfg = Release|Any CPU
		{8F3180AD-2351-435A-BCF3-9C62CEE2E8B5}.Release|x86.Build.0 = Release|Any CPU
		{8A9866A9-8E48-4160-B147-BFD40FE46EE0}.Debug|Any CPU.ActiveCfg = Debug|Any CPU
		{8A9866A9-8E48-4160-B147-BFD40FE46EE0}.Debug|Any CPU.Build.0 = Debug|Any CPU
		{8A9866A9-8E48-4160-B147-BFD40FE46EE0}.Debug|ARM.ActiveCfg = Debug|ARM
		{8A9866A9-8E48-4160-B147-BFD40FE46EE0}.Debug|ARM.Build.0 = Debug|ARM
		{8A9866A9-8E48-4160-B147-BFD40FE46EE0}.Debug|ARM64.ActiveCfg = Debug|ARM64
		{8A9866A9-8E48-4160-B147-BFD40FE46EE0}.Debug|ARM64.Build.0 = Debug|ARM64
		{8A9866A9-8E48-4160-B147-BFD40FE46EE0}.Debug|x64.ActiveCfg = Debug|x64
		{8A9866A9-8E48-4160-B147-BFD40FE46EE0}.Debug|x64.Build.0 = Debug|x64
		{8A9866A9-8E48-4160-B147-BFD40FE46EE0}.Debug|x86.ActiveCfg = Debug|x86
		{8A9866A9-8E48-4160-B147-BFD40FE46EE0}.Debug|x86.Build.0 = Debug|x86
		{8A9866A9-8E48-4160-B147-BFD40FE46EE0}.Release|Any CPU.ActiveCfg = Release|Any CPU
		{8A9866A9-8E48-4160-B147-BFD40FE46EE0}.Release|Any CPU.Build.0 = Release|Any CPU
		{8A9866A9-8E48-4160-B147-BFD40FE46EE0}.Release|ARM.ActiveCfg = Release|ARM
		{8A9866A9-8E48-4160-B147-BFD40FE46EE0}.Release|ARM.Build.0 = Release|ARM
		{8A9866A9-8E48-4160-B147-BFD40FE46EE0}.Release|ARM64.ActiveCfg = Release|ARM64
		{8A9866A9-8E48-4160-B147-BFD40FE46EE0}.Release|ARM64.Build.0 = Release|ARM64
		{8A9866A9-8E48-4160-B147-BFD40FE46EE0}.Release|x64.ActiveCfg = Release|x64
		{8A9866A9-8E48-4160-B147-BFD40FE46EE0}.Release|x64.Build.0 = Release|x64
		{8A9866A9-8E48-4160-B147-BFD40FE46EE0}.Release|x86.ActiveCfg = Release|x86
		{8A9866A9-8E48-4160-B147-BFD40FE46EE0}.Release|x86.Build.0 = Release|x86
		{FCA7C82C-CF0D-46DF-87F1-B6C00AC38007}.Debug|Any CPU.ActiveCfg = Debug|x86
		{FCA7C82C-CF0D-46DF-87F1-B6C00AC38007}.Debug|ARM.ActiveCfg = Debug|ARM
		{FCA7C82C-CF0D-46DF-87F1-B6C00AC38007}.Debug|ARM.Build.0 = Debug|ARM
		{FCA7C82C-CF0D-46DF-87F1-B6C00AC38007}.Debug|ARM.Deploy.0 = Debug|ARM
		{FCA7C82C-CF0D-46DF-87F1-B6C00AC38007}.Debug|ARM64.ActiveCfg = Debug|ARM64
		{FCA7C82C-CF0D-46DF-87F1-B6C00AC38007}.Debug|ARM64.Build.0 = Debug|ARM64
		{FCA7C82C-CF0D-46DF-87F1-B6C00AC38007}.Debug|ARM64.Deploy.0 = Debug|ARM64
		{FCA7C82C-CF0D-46DF-87F1-B6C00AC38007}.Debug|x64.ActiveCfg = Debug|x64
		{FCA7C82C-CF0D-46DF-87F1-B6C00AC38007}.Debug|x64.Build.0 = Debug|x64
		{FCA7C82C-CF0D-46DF-87F1-B6C00AC38007}.Debug|x64.Deploy.0 = Debug|x64
		{FCA7C82C-CF0D-46DF-87F1-B6C00AC38007}.Debug|x86.ActiveCfg = Debug|x86
		{FCA7C82C-CF0D-46DF-87F1-B6C00AC38007}.Debug|x86.Build.0 = Debug|x86
		{FCA7C82C-CF0D-46DF-87F1-B6C00AC38007}.Release|Any CPU.ActiveCfg = Release|x86
		{FCA7C82C-CF0D-46DF-87F1-B6C00AC38007}.Release|ARM.ActiveCfg = Release|ARM
		{FCA7C82C-CF0D-46DF-87F1-B6C00AC38007}.Release|ARM.Build.0 = Release|ARM
		{FCA7C82C-CF0D-46DF-87F1-B6C00AC38007}.Release|ARM.Deploy.0 = Release|ARM
		{FCA7C82C-CF0D-46DF-87F1-B6C00AC38007}.Release|ARM64.ActiveCfg = Release|ARM64
		{FCA7C82C-CF0D-46DF-87F1-B6C00AC38007}.Release|ARM64.Build.0 = Release|ARM64
		{FCA7C82C-CF0D-46DF-87F1-B6C00AC38007}.Release|ARM64.Deploy.0 = Release|ARM64
		{FCA7C82C-CF0D-46DF-87F1-B6C00AC38007}.Release|x64.ActiveCfg = Release|x64
		{FCA7C82C-CF0D-46DF-87F1-B6C00AC38007}.Release|x64.Build.0 = Release|x64
		{FCA7C82C-CF0D-46DF-87F1-B6C00AC38007}.Release|x64.Deploy.0 = Release|x64
		{FCA7C82C-CF0D-46DF-87F1-B6C00AC38007}.Release|x86.ActiveCfg = Release|x86
		{FCA7C82C-CF0D-46DF-87F1-B6C00AC38007}.Release|x86.Build.0 = Release|x86
		{FCA7C82C-CF0D-46DF-87F1-B6C00AC38007}.Release|x86.Deploy.0 = Release|x86
	EndGlobalSection
	GlobalSection(SolutionProperties) = preSolution
		HideSolutionNode = FALSE
	EndGlobalSection
	GlobalSection(ExtensibilityGlobals) = postSolution
		SolutionGuid = {57D2FA38-56C3-4095-A19B-8418F62AFEB1}
	EndGlobalSection
EndGlobal
